
Microsoft Visual Studio Solution File, Format Version 12.00
# Visual Studio Version 17
VisualStudioVersion = 17.3.32922.545
MinimumVisualStudioVersion = 10.0.40219.1
Project("{FAE04EC0-301F-11D3-BF4B-00C04F79EFBC}") = "new calculator", "new calculator.csproj", "{6B4D9D59-3D6D-4AD2-858C-3C9064A3E6CF}"
EndProject
Global
	GlobalSection(SolutionConfigurationPlatforms) = preSolution
		Debug|Any CPU = Debug|Any CPU
		Release|Any CPU = Release|Any CPU
	EndGlobalSection
	GlobalSection(ProjectConfigurationPlatforms) = postSolution
		{6B4D9D59-3D6D-4AD2-858C-3C9064A3E6CF}.Debug|Any CPU.ActiveCfg = Debug|Any CPU
		{6B4D9D59-3D6D-4AD2-858C-3C9064A3E6CF}.Debug|Any CPU.Build.0 = Debug|Any CPU
		{6B4D9D59-3D6D-4AD2-858C-3C9064A3E6CF}.Release|Any CPU.ActiveCfg = Release|Any CPU
		{6B4D9D59-3D6D-4AD2-858C-3C9064A3E6CF}.Release|Any CPU.Build.0 = Release|Any CPU
	EndGlobalSection
	GlobalSection(SolutionProperties) = preSolution
		HideSolutionNode = FALSE
	EndGlobalSection
	GlobalSection(ExtensibilityGlobals) = postSolution
		SolutionGuid = {768899A5-FEA9-4F43-8C3F-68312B9DE961}
	EndGlobalSection
EndGlobal
